
Microsoft Visual Studio Solution File, Format Version 12.00
# Visual Studio Version 17
VisualStudioVersion = 17.9.34622.214
MinimumVisualStudioVersion = 10.0.40219.1
Project("{FAE04EC0-301F-11D3-BF4B-00C04F79EFBC}") = "task2 class", "task2 class.csproj", "{F6E927A9-F3D1-4CD8-8AC9-56D77492F70C}"
EndProject
Global
	GlobalSection(SolutionConfigurationPlatforms) = preSolution
		Debug|Any CPU = Debug|Any CPU
		Release|Any CPU = Release|Any CPU
	EndGlobalSection
	GlobalSection(ProjectConfigurationPlatforms) = postSolution
		{F6E927A9-F3D1-4CD8-8AC9-56D77492F70C}.Debug|Any CPU.ActiveCfg = Debug|Any CPU
		{F6E927A9-F3D1-4CD8-8AC9-56D77492F70C}.Debug|Any CPU.Build.0 = Debug|Any CPU
		{F6E927A9-F3D1-4CD8-8AC9-56D77492F70C}.Release|Any CPU.ActiveCfg = Release|Any CPU
		{F6E927A9-F3D1-4CD8-8AC9-56D77492F70C}.Release|Any CPU.Build.0 = Release|Any CPU
	EndGlobalSection
	GlobalSection(SolutionProperties) = preSolution
		HideSolutionNode = FALSE
	EndGlobalSection
	GlobalSection(ExtensibilityGlobals) = postSolution
		SolutionGuid = {F13F1C88-E6CC-43B3-B500-E16B1537D8A8}
	EndGlobalSection
EndGlobal
